
Microsoft Visual Studio Solution File, Format Version 12.00
# Visual Studio Version 17
VisualStudioVersion = 17.2.32526.322
MinimumVisualStudioVersion = 10.0.40219.1
Project("{FAE04EC0-301F-11D3-BF4B-00C04F79EFBC}") = "PBL4", "PBL4\PBL4.csproj", "{942DDEF1-C349-449B-9653-228AC085C96B}"
EndProject
Global
	GlobalSection(SolutionConfigurationPlatforms) = preSolution
		Debug|Any CPU = Debug|Any CPU
		Release|Any CPU = Release|Any CPU
	EndGlobalSection
	GlobalSection(ProjectConfigurationPlatforms) = postSolution
		{942DDEF1-C349-449B-9653-228AC085C96B}.Debug|Any CPU.ActiveCfg = Debug|Any CPU
		{942DDEF1-C349-449B-9653-228AC085C96B}.Debug|Any CPU.Build.0 = Debug|Any CPU
		{942DDEF1-C349-449B-9653-228AC085C96B}.Release|Any CPU.ActiveCfg = Release|Any CPU
		{942DDEF1-C349-449B-9653-228AC085C96B}.Release|Any CPU.Build.0 = Release|Any CPU
	EndGlobalSection
	GlobalSection(SolutionProperties) = preSolution
		HideSolutionNode = FALSE
	EndGlobalSection
	GlobalSection(ExtensibilityGlobals) = postSolution
		SolutionGuid = {1D34818C-9F0D-4519-B27D-F1D7EB059F38}
	EndGlobalSection
EndGlobal
